
Microsoft Visual Studio Solution File, Format Version 12.00
# Visual Studio 2012
Project("{FAE04EC0-301F-11D3-BF4B-00C04F79EFBC}") = "ScreenCatcher.ViewModel", "ScreenCatcher.ViewModel\ScreenCatcher.ViewModel.csproj", "{627EDED6-F812-43AA-8E53-AC622315A86B}"
EndProject
Project("{FAE04EC0-301F-11D3-BF4B-00C04F79EFBC}") = "ScreenCatcher.Common", "ScreenCatcher.Common\ScreenCatcher.Common.csproj", "{61CAACDB-333D-4704-AB76-4F5B269FC344}"
EndProject
Project("{FAE04EC0-301F-11D3-BF4B-00C04F79EFBC}") = "ScreenCatcher.Model", "ScreenCatcher.Model\ScreenCatcher.Model.csproj", "{A7D1E5B9-3448-4F53-ACC7-C9FAD8833849}"
EndProject
Project("{FAE04EC0-301F-11D3-BF4B-00C04F79EFBC}") = "ScreenCatcher.View", "ScreenCatcher.View\ScreenCatcher.View.csproj", "{717B8533-4A69-4A74-96BD-B426539F17FA}"
EndProject
Global
	GlobalSection(SolutionConfigurationPlatforms) = preSolution
		Debug|Any CPU = Debug|Any CPU
		Release|Any CPU = Release|Any CPU
	EndGlobalSection
	GlobalSection(ProjectConfigurationPlatforms) = postSolution
		{627EDED6-F812-43AA-8E53-AC622315A86B}.Debug|Any CPU.ActiveCfg = Debug|Any CPU
		{627EDED6-F812-43AA-8E53-AC622315A86B}.Debug|Any CPU.Build.0 = Debug|Any CPU
		{627EDED6-F812-43AA-8E53-AC622315A86B}.Release|Any CPU.ActiveCfg = Release|Any CPU
		{627EDED6-F812-43AA-8E53-AC622315A86B}.Release|Any CPU.Build.0 = Release|Any CPU
		{61CAACDB-333D-4704-AB76-4F5B269FC344}.Debug|Any CPU.ActiveCfg = Debug|Any CPU
		{61CAACDB-333D-4704-AB76-4F5B269FC344}.Debug|Any CPU.Build.0 = Debug|Any CPU
		{61CAACDB-333D-4704-AB76-4F5B269FC344}.Release|Any CPU.ActiveCfg = Release|Any CPU
		{61CAACDB-333D-4704-AB76-4F5B269FC344}.Release|Any CPU.Build.0 = Release|Any CPU
		{A7D1E5B9-3448-4F53-ACC7-C9FAD8833849}.Debug|Any CPU.ActiveCfg = Debug|Any CPU
		{A7D1E5B9-3448-4F53-ACC7-C9FAD8833849}.Debug|Any CPU.Build.0 = Debug|Any CPU
		{A7D1E5B9-3448-4F53-ACC7-C9FAD8833849}.Release|Any CPU.ActiveCfg = Release|Any CPU
		{A7D1E5B9-3448-4F53-ACC7-C9FAD8833849}.Release|Any CPU.Build.0 = Release|Any CPU
		{717B8533-4A69-4A74-96BD-B426539F17FA}.Debug|Any CPU.ActiveCfg = Debug|Any CPU
		{717B8533-4A69-4A74-96BD-B426539F17FA}.Debug|Any CPU.Build.0 = Debug|Any CPU
		{717B8533-4A69-4A74-96BD-B426539F17FA}.Release|Any CPU.ActiveCfg = Release|Any CPU
		{717B8533-4A69-4A74-96BD-B426539F17FA}.Release|Any CPU.Build.0 = Release|Any CPU
	EndGlobalSection
	GlobalSection(SolutionProperties) = preSolution
		HideSolutionNode = FALSE
	EndGlobalSection
	GlobalSection(ExtensibilityGlobals) = postSolution
		VisualSVNWorkingCopyRoot = .
	EndGlobalSection
EndGlobal
