
Microsoft Visual Studio Solution File, Format Version 12.00
# Visual Studio 2012
Project("{FAE04EC0-301F-11D3-BF4B-00C04F79EFBC}") = "ScreenCatcher.ViewModel", "ScreenCatcher.ViewModel\ScreenCatcher.ViewModel.csproj", "{627EDED6-F812-43AA-8E53-AC622315A86B}"
EndProject
Project("{FAE04EC0-301F-11D3-BF4B-00C04F79EFBC}") = "ScreenCatcher.Common", "ScreenCatcher.Common\ScreenCatcher.Common.csproj", "{61CAACDB-333D-4704-AB76-4F5B269FC344}"
EndProject
Project("{FAE04EC0-301F-11D3-BF4B-00C04F79EFBC}") = "ScreenCatcher.Model", "ScreenCatcher.Model\ScreenCatcher.Model.csproj", "{A7D1E5B9-3448-4F53-ACC7-C9FAD8833849}"
EndProject
Project("{FAE04EC0-301F-11D3-BF4B-00C04F79EFBC}") = "ScreenCatcher.View", "ScreenCatcher.View\ScreenCatcher.View.csproj", "{717B8533-4A69-4A74-96BD-B426539F17FA}"
EndProject
Project("{FAE04EC0-301F-11D3-BF4B-00C04F79EFBC}") = "ScreenCatcher.Logic", "ScreenCatcher.Logic\ScreenCatcher.Logic.csproj", "{750FFCBF-FE86-4F50-AB78-7DE184C701F7}"
EndProject
Project("{FAE04EC0-301F-11D3-BF4B-00C04F79EFBC}") = "ScreenCatcher.Core", "ScreenCatcher.Core\ScreenCatcher.Core.csproj", "{6192F9D8-BF9A-4AD2-91E6-5FDF13298773}"
EndProject
Project("{2150E333-8FDC-42A3-9474-1A3956D46DE8}") = ".nuget", ".nuget", "{84B8588B-76AE-4B63-BFC2-3DBE9B3F8CF2}"
	ProjectSection(SolutionItems) = preProject
		.nuget\packages.config = .nuget\packages.config
	EndProjectSection
EndProject
Project("{FAE04EC0-301F-11D3-BF4B-00C04F79EFBC}") = "ScreenCatcher.Configuration", "ScreenCatcher.Configuration\ScreenCatcher.Configuration.csproj", "{798FA40E-E2CB-45DA-BB0D-4A36507D834F}"
EndProject
Global
	GlobalSection(SolutionConfigurationPlatforms) = preSolution
		Debug|Any CPU = Debug|Any CPU
		Debug|Mixed Platforms = Debug|Mixed Platforms
		Debug|x86 = Debug|x86
		Release|Any CPU = Release|Any CPU
		Release|Mixed Platforms = Release|Mixed Platforms
		Release|x86 = Release|x86
	EndGlobalSection
	GlobalSection(ProjectConfigurationPlatforms) = postSolution
		{627EDED6-F812-43AA-8E53-AC622315A86B}.Debug|Any CPU.ActiveCfg = Debug|Any CPU
		{627EDED6-F812-43AA-8E53-AC622315A86B}.Debug|Any CPU.Build.0 = Debug|Any CPU
		{627EDED6-F812-43AA-8E53-AC622315A86B}.Debug|Mixed Platforms.ActiveCfg = Debug|x86
		{627EDED6-F812-43AA-8E53-AC622315A86B}.Debug|Mixed Platforms.Build.0 = Debug|x86
		{627EDED6-F812-43AA-8E53-AC622315A86B}.Debug|x86.ActiveCfg = Debug|x86
		{627EDED6-F812-43AA-8E53-AC622315A86B}.Debug|x86.Build.0 = Debug|x86
		{627EDED6-F812-43AA-8E53-AC622315A86B}.Release|Any CPU.ActiveCfg = Release|Any CPU
		{627EDED6-F812-43AA-8E53-AC622315A86B}.Release|Any CPU.Build.0 = Release|Any CPU
		{627EDED6-F812-43AA-8E53-AC622315A86B}.Release|Mixed Platforms.ActiveCfg = Release|x86
		{627EDED6-F812-43AA-8E53-AC622315A86B}.Release|Mixed Platforms.Build.0 = Release|x86
		{627EDED6-F812-43AA-8E53-AC622315A86B}.Release|x86.ActiveCfg = Release|x86
		{627EDED6-F812-43AA-8E53-AC622315A86B}.Release|x86.Build.0 = Release|x86
		{61CAACDB-333D-4704-AB76-4F5B269FC344}.Debug|Any CPU.ActiveCfg = Debug|Any CPU
		{61CAACDB-333D-4704-AB76-4F5B269FC344}.Debug|Any CPU.Build.0 = Debug|Any CPU
		{61CAACDB-333D-4704-AB76-4F5B269FC344}.Debug|Mixed Platforms.ActiveCfg = Debug|x86
		{61CAACDB-333D-4704-AB76-4F5B269FC344}.Debug|Mixed Platforms.Build.0 = Debug|x86
		{61CAACDB-333D-4704-AB76-4F5B269FC344}.Debug|x86.ActiveCfg = Debug|x86
		{61CAACDB-333D-4704-AB76-4F5B269FC344}.Debug|x86.Build.0 = Debug|x86
		{61CAACDB-333D-4704-AB76-4F5B269FC344}.Release|Any CPU.ActiveCfg = Release|Any CPU
		{61CAACDB-333D-4704-AB76-4F5B269FC344}.Release|Any CPU.Build.0 = Release|Any CPU
		{61CAACDB-333D-4704-AB76-4F5B269FC344}.Release|Mixed Platforms.ActiveCfg = Release|x86
		{61CAACDB-333D-4704-AB76-4F5B269FC344}.Release|Mixed Platforms.Build.0 = Release|x86
		{61CAACDB-333D-4704-AB76-4F5B269FC344}.Release|x86.ActiveCfg = Release|x86
		{61CAACDB-333D-4704-AB76-4F5B269FC344}.Release|x86.Build.0 = Release|x86
		{A7D1E5B9-3448-4F53-ACC7-C9FAD8833849}.Debug|Any CPU.ActiveCfg = Debug|Any CPU
		{A7D1E5B9-3448-4F53-ACC7-C9FAD8833849}.Debug|Any CPU.Build.0 = Debug|Any CPU
		{A7D1E5B9-3448-4F53-ACC7-C9FAD8833849}.Debug|Mixed Platforms.ActiveCfg = Debug|x86
		{A7D1E5B9-3448-4F53-ACC7-C9FAD8833849}.Debug|Mixed Platforms.Build.0 = Debug|x86
		{A7D1E5B9-3448-4F53-ACC7-C9FAD8833849}.Debug|x86.ActiveCfg = Debug|x86
		{A7D1E5B9-3448-4F53-ACC7-C9FAD8833849}.Debug|x86.Build.0 = Debug|x86
		{A7D1E5B9-3448-4F53-ACC7-C9FAD8833849}.Release|Any CPU.ActiveCfg = Release|Any CPU
		{A7D1E5B9-3448-4F53-ACC7-C9FAD8833849}.Release|Any CPU.Build.0 = Release|Any CPU
		{A7D1E5B9-3448-4F53-ACC7-C9FAD8833849}.Release|Mixed Platforms.ActiveCfg = Release|x86
		{A7D1E5B9-3448-4F53-ACC7-C9FAD8833849}.Release|Mixed Platforms.Build.0 = Release|x86
		{A7D1E5B9-3448-4F53-ACC7-C9FAD8833849}.Release|x86.ActiveCfg = Release|x86
		{A7D1E5B9-3448-4F53-ACC7-C9FAD8833849}.Release|x86.Build.0 = Release|x86
		{717B8533-4A69-4A74-96BD-B426539F17FA}.Debug|Any CPU.ActiveCfg = Debug|Any CPU
		{717B8533-4A69-4A74-96BD-B426539F17FA}.Debug|Any CPU.Build.0 = Debug|Any CPU
		{717B8533-4A69-4A74-96BD-B426539F17FA}.Debug|Mixed Platforms.ActiveCfg = Debug|x86
		{717B8533-4A69-4A74-96BD-B426539F17FA}.Debug|Mixed Platforms.Build.0 = Debug|x86
		{717B8533-4A69-4A74-96BD-B426539F17FA}.Debug|x86.ActiveCfg = Debug|x86
		{717B8533-4A69-4A74-96BD-B426539F17FA}.Debug|x86.Build.0 = Debug|x86
		{717B8533-4A69-4A74-96BD-B426539F17FA}.Release|Any CPU.ActiveCfg = Release|Any CPU
		{717B8533-4A69-4A74-96BD-B426539F17FA}.Release|Any CPU.Build.0 = Release|Any CPU
		{717B8533-4A69-4A74-96BD-B426539F17FA}.Release|Mixed Platforms.ActiveCfg = Release|x86
		{717B8533-4A69-4A74-96BD-B426539F17FA}.Release|Mixed Platforms.Build.0 = Release|x86
		{717B8533-4A69-4A74-96BD-B426539F17FA}.Release|x86.ActiveCfg = Release|x86
		{717B8533-4A69-4A74-96BD-B426539F17FA}.Release|x86.Build.0 = Release|x86
		{750FFCBF-FE86-4F50-AB78-7DE184C701F7}.Debug|Any CPU.ActiveCfg = Debug|Any CPU
		{750FFCBF-FE86-4F50-AB78-7DE184C701F7}.Debug|Any CPU.Build.0 = Debug|Any CPU
		{750FFCBF-FE86-4F50-AB78-7DE184C701F7}.Debug|Mixed Platforms.ActiveCfg = Debug|x86
		{750FFCBF-FE86-4F50-AB78-7DE184C701F7}.Debug|Mixed Platforms.Build.0 = Debug|x86
		{750FFCBF-FE86-4F50-AB78-7DE184C701F7}.Debug|x86.ActiveCfg = Debug|x86
		{750FFCBF-FE86-4F50-AB78-7DE184C701F7}.Debug|x86.Build.0 = Debug|x86
		{750FFCBF-FE86-4F50-AB78-7DE184C701F7}.Release|Any CPU.ActiveCfg = Release|Any CPU
		{750FFCBF-FE86-4F50-AB78-7DE184C701F7}.Release|Any CPU.Build.0 = Release|Any CPU
		{750FFCBF-FE86-4F50-AB78-7DE184C701F7}.Release|Mixed Platforms.ActiveCfg = Release|x86
		{750FFCBF-FE86-4F50-AB78-7DE184C701F7}.Release|Mixed Platforms.Build.0 = Release|x86
		{750FFCBF-FE86-4F50-AB78-7DE184C701F7}.Release|x86.ActiveCfg = Release|x86
		{750FFCBF-FE86-4F50-AB78-7DE184C701F7}.Release|x86.Build.0 = Release|x86
		{6192F9D8-BF9A-4AD2-91E6-5FDF13298773}.Debug|Any CPU.ActiveCfg = Debug|Any CPU
		{6192F9D8-BF9A-4AD2-91E6-5FDF13298773}.Debug|Any CPU.Build.0 = Debug|Any CPU
		{6192F9D8-BF9A-4AD2-91E6-5FDF13298773}.Debug|Mixed Platforms.ActiveCfg = Debug|Any CPU
		{6192F9D8-BF9A-4AD2-91E6-5FDF13298773}.Debug|Mixed Platforms.Build.0 = Debug|Any CPU
		{6192F9D8-BF9A-4AD2-91E6-5FDF13298773}.Debug|x86.ActiveCfg = Debug|x86
		{6192F9D8-BF9A-4AD2-91E6-5FDF13298773}.Debug|x86.Build.0 = Debug|x86
		{6192F9D8-BF9A-4AD2-91E6-5FDF13298773}.Release|Any CPU.ActiveCfg = Release|Any CPU
		{6192F9D8-BF9A-4AD2-91E6-5FDF13298773}.Release|Any CPU.Build.0 = Release|Any CPU
		{6192F9D8-BF9A-4AD2-91E6-5FDF13298773}.Release|Mixed Platforms.ActiveCfg = Release|Any CPU
		{6192F9D8-BF9A-4AD2-91E6-5FDF13298773}.Release|Mixed Platforms.Build.0 = Release|Any CPU
		{6192F9D8-BF9A-4AD2-91E6-5FDF13298773}.Release|x86.ActiveCfg = Release|Any CPU
		{798FA40E-E2CB-45DA-BB0D-4A36507D834F}.Debug|Any CPU.ActiveCfg = Debug|Any CPU
		{798FA40E-E2CB-45DA-BB0D-4A36507D834F}.Debug|Any CPU.Build.0 = Debug|Any CPU
		{798FA40E-E2CB-45DA-BB0D-4A36507D834F}.Debug|Mixed Platforms.ActiveCfg = Debug|Any CPU
		{798FA40E-E2CB-45DA-BB0D-4A36507D834F}.Debug|Mixed Platforms.Build.0 = Debug|Any CPU
		{798FA40E-E2CB-45DA-BB0D-4A36507D834F}.Debug|x86.ActiveCfg = Debug|x86
		{798FA40E-E2CB-45DA-BB0D-4A36507D834F}.Debug|x86.Build.0 = Debug|x86
		{798FA40E-E2CB-45DA-BB0D-4A36507D834F}.Release|Any CPU.ActiveCfg = Release|Any CPU
		{798FA40E-E2CB-45DA-BB0D-4A36507D834F}.Release|Any CPU.Build.0 = Release|Any CPU
		{798FA40E-E2CB-45DA-BB0D-4A36507D834F}.Release|Mixed Platforms.ActiveCfg = Release|Any CPU
		{798FA40E-E2CB-45DA-BB0D-4A36507D834F}.Release|Mixed Platforms.Build.0 = Release|Any CPU
		{798FA40E-E2CB-45DA-BB0D-4A36507D834F}.Release|x86.ActiveCfg = Release|Any CPU
	EndGlobalSection
	GlobalSection(SolutionProperties) = preSolution
		HideSolutionNode = FALSE
	EndGlobalSection
	GlobalSection(ExtensibilityGlobals) = postSolution
		VisualSVNWorkingCopyRoot = .
		EnterpriseLibraryConfigurationToolBinariesPath = packages\Unity.2.1.505.2\lib\NET35;packages\Unity.Interception.2.1.505.2\lib\NET35
	EndGlobalSection
EndGlobal
